
Microsoft Visual Studio Solution File, Format Version 12.00
# Visual Studio Version 17
VisualStudioVersion = 17.12.35521.163 d17.12
MinimumVisualStudioVersion = 10.0.40219.1
Project("{FAE04EC0-301F-11D3-BF4B-00C04F79EFBC}") = "Deliveroo", "Deliveroo\Deliveroo.csproj", "{978F4598-921A-4F9D-A975-1463D3BA96C3}"
EndProject
Project("{FAE04EC0-301F-11D3-BF4B-00C04F79EFBC}") = "LLib", "LLib\LLib.csproj", "{B4EFA106-69ED-4E45-8646-425C0708CBAC}"
EndProject
Project("{2150E333-8FDC-42A3-9474-1A3956D46DE8}") = "Solution Items", "Solution Items", "{D980409A-2AA8-44F6-ACA8-C4D14DF0DCBC}"
	ProjectSection(SolutionItems) = preProject
		.woodpecker\build.yaml = .woodpecker\build.yaml
		global.json = global.json
	EndProjectSection
EndProject
Global
	GlobalSection(SolutionConfigurationPlatforms) = preSolution
		Debug|x64 = Debug|x64
		Release|x64 = Release|x64
	EndGlobalSection
	GlobalSection(ProjectConfigurationPlatforms) = postSolution
		{978F4598-921A-4F9D-A975-1463D3BA96C3}.Debug|x64.ActiveCfg = Debug|x64
		{978F4598-921A-4F9D-A975-1463D3BA96C3}.Debug|x64.Build.0 = Debug|x64
		{978F4598-921A-4F9D-A975-1463D3BA96C3}.Release|x64.ActiveCfg = Release|x64
		{978F4598-921A-4F9D-A975-1463D3BA96C3}.Release|x64.Build.0 = Release|x64
		{B4EFA106-69ED-4E45-8646-425C0708CBAC}.Debug|x64.ActiveCfg = Debug|x64
		{B4EFA106-69ED-4E45-8646-425C0708CBAC}.Debug|x64.Build.0 = Debug|x64
		{B4EFA106-69ED-4E45-8646-425C0708CBAC}.Release|x64.ActiveCfg = Release|x64
		{B4EFA106-69ED-4E45-8646-425C0708CBAC}.Release|x64.Build.0 = Release|x64
	EndGlobalSection
	GlobalSection(SolutionProperties) = preSolution
		HideSolutionNode = FALSE
	EndGlobalSection
EndGlobal
